
Microsoft Visual Studio Solution File, Format Version 11.00
# Visual Studio 2010
Project("{8BC9CEB8-8B4A-11D0-8D11-00A0C91BC942}") = "lesson01", "lesson01\lesson01.vcxproj", "{BBECBD30-7189-4DC6-BE3A-33A4D06F61EA}"
EndProject
Project("{8BC9CEB8-8B4A-11D0-8D11-00A0C91BC942}") = "lesson02", "lesson02\lesson02.vcxproj", "{6089C938-74E7-4B52-A49C-5200DE217F85}"
EndProject
Project("{8BC9CEB8-8B4A-11D0-8D11-00A0C91BC942}") = "lesson03", "lesson03\lesson03.vcxproj", "{CC5AEEFB-3727-49B2-93D6-30F8075ED979}"
EndProject
Project("{8BC9CEB8-8B4A-11D0-8D11-00A0C91BC942}") = "lesson04", "lesson04\lesson04.vcxproj", "{E561C960-DC79-4249-B170-BB6B91E6CC2A}"
EndProject
Global
	GlobalSection(SolutionConfigurationPlatforms) = preSolution
		Debug|Win32 = Debug|Win32
		Release|Win32 = Release|Win32
	EndGlobalSection
	GlobalSection(ProjectConfigurationPlatforms) = postSolution
		{BBECBD30-7189-4DC6-BE3A-33A4D06F61EA}.Debug|Win32.ActiveCfg = Debug|Win32
		{BBECBD30-7189-4DC6-BE3A-33A4D06F61EA}.Debug|Win32.Build.0 = Debug|Win32
		{BBECBD30-7189-4DC6-BE3A-33A4D06F61EA}.Release|Win32.ActiveCfg = Release|Win32
		{BBECBD30-7189-4DC6-BE3A-33A4D06F61EA}.Release|Win32.Build.0 = Release|Win32
		{6089C938-74E7-4B52-A49C-5200DE217F85}.Debug|Win32.ActiveCfg = Debug|Win32
		{6089C938-74E7-4B52-A49C-5200DE217F85}.Debug|Win32.Build.0 = Debug|Win32
		{6089C938-74E7-4B52-A49C-5200DE217F85}.Release|Win32.ActiveCfg = Release|Win32
		{6089C938-74E7-4B52-A49C-5200DE217F85}.Release|Win32.Build.0 = Release|Win32
		{CC5AEEFB-3727-49B2-93D6-30F8075ED979}.Debug|Win32.ActiveCfg = Debug|Win32
		{CC5AEEFB-3727-49B2-93D6-30F8075ED979}.Debug|Win32.Build.0 = Debug|Win32
		{CC5AEEFB-3727-49B2-93D6-30F8075ED979}.Release|Win32.ActiveCfg = Release|Win32
		{CC5AEEFB-3727-49B2-93D6-30F8075ED979}.Release|Win32.Build.0 = Release|Win32
		{E561C960-DC79-4249-B170-BB6B91E6CC2A}.Debug|Win32.ActiveCfg = Debug|Win32
		{E561C960-DC79-4249-B170-BB6B91E6CC2A}.Debug|Win32.Build.0 = Debug|Win32
		{E561C960-DC79-4249-B170-BB6B91E6CC2A}.Release|Win32.ActiveCfg = Release|Win32
		{E561C960-DC79-4249-B170-BB6B91E6CC2A}.Release|Win32.Build.0 = Release|Win32
	EndGlobalSection
	GlobalSection(SolutionProperties) = preSolution
		HideSolutionNode = FALSE
	EndGlobalSection
EndGlobal
